Microsoft Visual Studio Solution File, Format Version 12.00
# Visual Studio Version 17
VisualStudioVersion = 17.5.2.0
MinimumVisualStudioVersion = 10.0.40219.1
Project("{FAE04EC0-301F-11D3-BF4B-00C04F79EFBC}") = "SpotifyListeningTracker", "SpotifyListeningTracker.csproj", "{2B489C03-E419-F8E4-2A95-87C2F91A3BBE}"
EndProject
Global
	GlobalSection(SolutionConfigurationPlatforms) = preSolution
		Debug|Any CPU = Debug|Any CPU
		Release|Any CPU = Release|Any CPU
	EndGlobalSection
	GlobalSection(ProjectConfigurationPlatforms) = postSolution
		{2B489C03-E419-F8E4-2A95-87C2F91A3BBE}.Debug|Any CPU.ActiveCfg = Debug|Any CPU
		{2B489C03-E419-F8E4-2A95-87C2F91A3BBE}.Debug|Any CPU.Build.0 = Debug|Any CPU
		{2B489C03-E419-F8E4-2A95-87C2F91A3BBE}.Release|Any CPU.ActiveCfg = Release|Any CPU
		{2B489C03-E419-F8E4-2A95-87C2F91A3BBE}.Release|Any CPU.Build.0 = Release|Any CPU
	EndGlobalSection
	GlobalSection(SolutionProperties) = preSolution
		HideSolutionNode = FALSE
	EndGlobalSection
	GlobalSection(ExtensibilityGlobals) = postSolution
		SolutionGuid = {415D191F-3A9D-498E-8679-17A48BF1AD16}
	EndGlobalSection
EndGlobal
